
Microsoft Visual Studio Solution File, Format Version 12.00
# Visual Studio 15
VisualStudioVersion = 15.0.26430.13
MinimumVisualStudioVersion = 10.0.40219.1
Project("{FAE04EC0-301F-11D3-BF4B-00C04F79EFBC}") = "DemoPopUp.Android", "DemoPopUp\DemoPopUp.Android\DemoPopUp.Android.csproj", "{061DCDCE-2B50-400C-A9F3-556ECC6AE34E}"
EndProject
Project("{FAE04EC0-301F-11D3-BF4B-00C04F79EFBC}") = "DemoPopUp", "DemoPopUp\DemoPopUp\DemoPopUp.csproj", "{D7057DBA-6598-4AF9-B2F7-93E909378B52}"
EndProject
Project("{FAE04EC0-301F-11D3-BF4B-00C04F79EFBC}") = "DemoPopUp.UWP", "DemoPopUp\DemoPopUp.UWP\DemoPopUp.UWP.csproj", "{7769C503-92DB-46F3-A73D-EC990EBD48FA}"
EndProject
Project("{FAE04EC0-301F-11D3-BF4B-00C04F79EFBC}") = "DemoPopUp.iOS", "DemoPopUp\DemoPopUp.iOS\DemoPopUp.iOS.csproj", "{E4C474F5-F176-438D-A54D-5B72A703E362}"
EndProject
Global
	GlobalSection(SolutionConfigurationPlatforms) = preSolution
		Ad-Hoc|Any CPU = Ad-Hoc|Any CPU
		Ad-Hoc|ARM = Ad-Hoc|ARM
		Ad-Hoc|iPhone = Ad-Hoc|iPhone
		Ad-Hoc|iPhoneSimulator = Ad-Hoc|iPhoneSimulator
		Ad-Hoc|x64 = Ad-Hoc|x64
		Ad-Hoc|x86 = Ad-Hoc|x86
		AppStore|Any CPU = AppStore|Any CPU
		AppStore|ARM = AppStore|ARM
		AppStore|iPhone = AppStore|iPhone
		AppStore|iPhoneSimulator = AppStore|iPhoneSimulator
		AppStore|x64 = AppStore|x64
		AppStore|x86 = AppStore|x86
		Debug|Any CPU = Debug|Any CPU
		Debug|ARM = Debug|ARM
		Debug|iPhone = Debug|iPhone
		Debug|iPhoneSimulator = Debug|iPhoneSimulator
		Debug|x64 = Debug|x64
		Debug|x86 = Debug|x86
		Release|Any CPU = Release|Any CPU
		Release|ARM = Release|ARM
		Release|iPhone = Release|iPhone
		Release|iPhoneSimulator = Release|iPhoneSimulator
		Release|x64 = Release|x64
		Release|x86 = Release|x86
	EndGlobalSection
	GlobalSection(ProjectConfigurationPlatforms) = postSolution
		{061DCDCE-2B50-400C-A9F3-556ECC6AE34E}.Ad-Hoc|Any CPU.ActiveCfg = Release|Any CPU
		{061DCDCE-2B50-400C-A9F3-556ECC6AE34E}.Ad-Hoc|Any CPU.Build.0 = Release|Any CPU
		{061DCDCE-2B50-400C-A9F3-556ECC6AE34E}.Ad-Hoc|Any CPU.Deploy.0 = Release|Any CPU
		{061DCDCE-2B50-400C-A9F3-556ECC6AE34E}.Ad-Hoc|ARM.ActiveCfg = Release|Any CPU
		{061DCDCE-2B50-400C-A9F3-556ECC6AE34E}.Ad-Hoc|ARM.Build.0 = Release|Any CPU
		{061DCDCE-2B50-400C-A9F3-556ECC6AE34E}.Ad-Hoc|ARM.Deploy.0 = Release|Any CPU
		{061DCDCE-2B50-400C-A9F3-556ECC6AE34E}.Ad-Hoc|iPhone.ActiveCfg = Release|Any CPU
		{061DCDCE-2B50-400C-A9F3-556ECC6AE34E}.Ad-Hoc|iPhone.Build.0 = Release|Any CPU
		{061DCDCE-2B50-400C-A9F3-556ECC6AE34E}.Ad-Hoc|iPhone.Deploy.0 = Release|Any CPU
		{061DCDCE-2B50-400C-A9F3-556ECC6AE34E}.Ad-Hoc|iPhoneSimulator.ActiveCfg = Release|Any CPU
		{061DCDCE-2B50-400C-A9F3-556ECC6AE34E}.Ad-Hoc|iPhoneSimulator.Build.0 = Release|Any CPU
		{061DCDCE-2B50-400C-A9F3-556ECC6AE34E}.Ad-Hoc|iPhoneSimulator.Deploy.0 = Release|Any CPU
		{061DCDCE-2B50-400C-A9F3-556ECC6AE34E}.Ad-Hoc|x64.ActiveCfg = Release|Any CPU
		{061DCDCE-2B50-400C-A9F3-556ECC6AE34E}.Ad-Hoc|x64.Build.0 = Release|Any CPU
		{061DCDCE-2B50-400C-A9F3-556ECC6AE34E}.Ad-Hoc|x64.Deploy.0 = Release|Any CPU
		{061DCDCE-2B50-400C-A9F3-556ECC6AE34E}.Ad-Hoc|x86.ActiveCfg = Release|Any CPU
		{061DCDCE-2B50-400C-A9F3-556ECC6AE34E}.Ad-Hoc|x86.Build.0 = Release|Any CPU
		{061DCDCE-2B50-400C-A9F3-556ECC6AE34E}.Ad-Hoc|x86.Deploy.0 = Release|Any CPU
		{061DCDCE-2B50-400C-A9F3-556ECC6AE34E}.AppStore|Any CPU.ActiveCfg = Release|Any CPU
		{061DCDCE-2B50-400C-A9F3-556ECC6AE34E}.AppStore|Any CPU.Build.0 = Release|Any CPU
		{061DCDCE-2B50-400C-A9F3-556ECC6AE34E}.AppStore|Any CPU.Deploy.0 = Release|Any CPU
		{061DCDCE-2B50-400C-A9F3-556ECC6AE34E}.AppStore|ARM.ActiveCfg = Release|Any CPU
		{061DCDCE-2B50-400C-A9F3-556ECC6AE34E}.AppStore|ARM.Build.0 = Release|Any CPU
		{061DCDCE-2B50-400C-A9F3-556ECC6AE34E}.AppStore|ARM.Deploy.0 = Release|Any CPU
		{061DCDCE-2B50-400C-A9F3-556ECC6AE34E}.AppStore|iPhone.ActiveCfg = Release|Any CPU
		{061DCDCE-2B50-400C-A9F3-556ECC6AE34E}.AppStore|iPhone.Build.0 = Release|Any CPU
		{061DCDCE-2B50-400C-A9F3-556ECC6AE34E}.AppStore|iPhone.Deploy.0 = Release|Any CPU
		{061DCDCE-2B50-400C-A9F3-556ECC6AE34E}.AppStore|iPhoneSimulator.ActiveCfg = Release|Any CPU
		{061DCDCE-2B50-400C-A9F3-556ECC6AE34E}.AppStore|iPhoneSimulator.Build.0 = Release|Any CPU
		{061DCDCE-2B50-400C-A9F3-556ECC6AE34E}.AppStore|iPhoneSimulator.Deploy.0 = Release|Any CPU
		{061DCDCE-2B50-400C-A9F3-556ECC6AE34E}.AppStore|x64.ActiveCfg = Release|Any CPU
		{061DCDCE-2B50-400C-A9F3-556ECC6AE34E}.AppStore|x64.Build.0 = Release|Any CPU
		{061DCDCE-2B50-400C-A9F3-556ECC6AE34E}.AppStore|x64.Deploy.0 = Release|Any CPU
		{061DCDCE-2B50-400C-A9F3-556ECC6AE34E}.AppStore|x86.ActiveCfg = Release|Any CPU
		{061DCDCE-2B50-400C-A9F3-556ECC6AE34E}.AppStore|x86.Build.0 = Release|Any CPU
		{061DCDCE-2B50-400C-A9F3-556ECC6AE34E}.AppStore|x86.Deploy.0 = Release|Any CPU
		{061DCDCE-2B50-400C-A9F3-556ECC6AE34E}.Debug|Any CPU.ActiveCfg = Debug|Any CPU
		{061DCDCE-2B50-400C-A9F3-556ECC6AE34E}.Debug|Any CPU.Build.0 = Debug|Any CPU
		{061DCDCE-2B50-400C-A9F3-556ECC6AE34E}.Debug|Any CPU.Deploy.0 = Debug|Any CPU
		{061DCDCE-2B50-400C-A9F3-556ECC6AE34E}.Debug|ARM.ActiveCfg = Debug|Any CPU
		{061DCDCE-2B50-400C-A9F3-556ECC6AE34E}.Debug|ARM.Build.0 = Debug|Any CPU
		{061DCDCE-2B50-400C-A9F3-556ECC6AE34E}.Debug|ARM.Deploy.0 = Debug|Any CPU
		{061DCDCE-2B50-400C-A9F3-556ECC6AE34E}.Debug|iPhone.ActiveCfg = Debug|Any CPU
		{061DCDCE-2B50-400C-A9F3-556ECC6AE34E}.Debug|iPhone.Build.0 = Debug|Any CPU
		{061DCDCE-2B50-400C-A9F3-556ECC6AE34E}.Debug|iPhone.Deploy.0 = Debug|Any CPU
		{061DCDCE-2B50-400C-A9F3-556ECC6AE34E}.Debug|iPhoneSimulator.ActiveCfg = Debug|Any CPU
		{061DCDCE-2B50-400C-A9F3-556ECC6AE34E}.Debug|iPhoneSimulator.Build.0 = Debug|Any CPU
		{061DCDCE-2B50-400C-A9F3-556ECC6AE34E}.Debug|iPhoneSimulator.Deploy.0 = Debug|Any CPU
		{061DCDCE-2B50-400C-A9F3-556ECC6AE34E}.Debug|x64.ActiveCfg = Debug|Any CPU
		{061DCDCE-2B50-400C-A9F3-556ECC6AE34E}.Debug|x64.Build.0 = Debug|Any CPU
		{061DCDCE-2B50-400C-A9F3-556ECC6AE34E}.Debug|x64.Deploy.0 = Debug|Any CPU
		{061DCDCE-2B50-400C-A9F3-556ECC6AE34E}.Debug|x86.ActiveCfg = Debug|Any CPU
		{061DCDCE-2B50-400C-A9F3-556ECC6AE34E}.Debug|x86.Build.0 = Debug|Any CPU
		{061DCDCE-2B50-400C-A9F3-556ECC6AE34E}.Debug|x86.Deploy.0 = Debug|Any CPU
		{061DCDCE-2B50-400C-A9F3-556ECC6AE34E}.Release|Any CPU.ActiveCfg = Release|Any CPU
		{061DCDCE-2B50-400C-A9F3-556ECC6AE34E}.Release|Any CPU.Build.0 = Release|Any CPU
		{061DCDCE-2B50-400C-A9F3-556ECC6AE34E}.Release|Any CPU.Deploy.0 = Release|Any CPU
		{061DCDCE-2B50-400C-A9F3-556ECC6AE34E}.Release|ARM.ActiveCfg = Release|Any CPU
		{061DCDCE-2B50-400C-A9F3-556ECC6AE34E}.Release|ARM.Build.0 = Release|Any CPU
		{061DCDCE-2B50-400C-A9F3-556ECC6AE34E}.Release|ARM.Deploy.0 = Release|Any CPU
		{061DCDCE-2B50-400C-A9F3-556ECC6AE34E}.Release|iPhone.ActiveCfg = Release|Any CPU
		{061DCDCE-2B50-400C-A9F3-556ECC6AE34E}.Release|iPhone.Build.0 = Release|Any CPU
		{061DCDCE-2B50-400C-A9F3-556ECC6AE34E}.Release|iPhone.Deploy.0 = Release|Any CPU
		{061DCDCE-2B50-400C-A9F3-556ECC6AE34E}.Release|iPhoneSimulator.ActiveCfg = Release|Any CPU
		{061DCDCE-2B50-400C-A9F3-556ECC6AE34E}.Release|iPhoneSimulator.Build.0 = Release|Any CPU
		{061DCDCE-2B50-400C-A9F3-556ECC6AE34E}.Release|iPhoneSimulator.Deploy.0 = Release|Any CPU
		{061DCDCE-2B50-400C-A9F3-556ECC6AE34E}.Release|x64.ActiveCfg = Release|Any CPU
		{061DCDCE-2B50-400C-A9F3-556ECC6AE34E}.Release|x64.Build.0 = Release|Any CPU
		{061DCDCE-2B50-400C-A9F3-556ECC6AE34E}.Release|x64.Deploy.0 = Release|Any CPU
		{061DCDCE-2B50-400C-A9F3-556ECC6AE34E}.Release|x86.ActiveCfg = Release|Any CPU
		{061DCDCE-2B50-400C-A9F3-556ECC6AE34E}.Release|x86.Build.0 = Release|Any CPU
		{061DCDCE-2B50-400C-A9F3-556ECC6AE34E}.Release|x86.Deploy.0 = Release|Any CPU
		{D7057DBA-6598-4AF9-B2F7-93E909378B52}.Ad-Hoc|Any CPU.ActiveCfg = Release|Any CPU
		{D7057DBA-6598-4AF9-B2F7-93E909378B52}.Ad-Hoc|Any CPU.Build.0 = Release|Any CPU
		{D7057DBA-6598-4AF9-B2F7-93E909378B52}.Ad-Hoc|ARM.ActiveCfg = Release|Any CPU
		{D7057DBA-6598-4AF9-B2F7-93E909378B52}.Ad-Hoc|ARM.Build.0 = Release|Any CPU
		{D7057DBA-6598-4AF9-B2F7-93E909378B52}.Ad-Hoc|iPhone.ActiveCfg = Release|Any CPU
		{D7057DBA-6598-4AF9-B2F7-93E909378B52}.Ad-Hoc|iPhone.Build.0 = Release|Any CPU
		{D7057DBA-6598-4AF9-B2F7-93E909378B52}.Ad-Hoc|iPhoneSimulator.ActiveCfg = Release|Any CPU
		{D7057DBA-6598-4AF9-B2F7-93E909378B52}.Ad-Hoc|iPhoneSimulator.Build.0 = Release|Any CPU
		{D7057DBA-6598-4AF9-B2F7-93E909378B52}.Ad-Hoc|x64.ActiveCfg = Release|Any CPU
		{D7057DBA-6598-4AF9-B2F7-93E909378B52}.Ad-Hoc|x64.Build.0 = Release|Any CPU
		{D7057DBA-6598-4AF9-B2F7-93E909378B52}.Ad-Hoc|x86.ActiveCfg = Release|Any CPU
		{D7057DBA-6598-4AF9-B2F7-93E909378B52}.Ad-Hoc|x86.Build.0 = Release|Any CPU
		{D7057DBA-6598-4AF9-B2F7-93E909378B52}.AppStore|Any CPU.ActiveCfg = Release|Any CPU
		{D7057DBA-6598-4AF9-B2F7-93E909378B52}.AppStore|Any CPU.Build.0 = Release|Any CPU
		{D7057DBA-6598-4AF9-B2F7-93E909378B52}.AppStore|ARM.ActiveCfg = Release|Any CPU
		{D7057DBA-6598-4AF9-B2F7-93E909378B52}.AppStore|ARM.Build.0 = Release|Any CPU
		{D7057DBA-6598-4AF9-B2F7-93E909378B52}.AppStore|iPhone.ActiveCfg = Release|Any CPU
		{D7057DBA-6598-4AF9-B2F7-93E909378B52}.AppStore|iPhone.Build.0 = Release|Any CPU
		{D7057DBA-6598-4AF9-B2F7-93E909378B52}.AppStore|iPhoneSimulator.ActiveCfg = Release|Any CPU
		{D7057DBA-6598-4AF9-B2F7-93E909378B52}.AppStore|iPhoneSimulator.Build.0 = Release|Any CPU
		{D7057DBA-6598-4AF9-B2F7-93E909378B52}.AppStore|x64.ActiveCfg = Release|Any CPU
		{D7057DBA-6598-4AF9-B2F7-93E909378B52}.AppStore|x64.Build.0 = Release|Any CPU
		{D7057DBA-6598-4AF9-B2F7-93E909378B52}.AppStore|x86.ActiveCfg = Release|Any CPU
		{D7057DBA-6598-4AF9-B2F7-93E909378B52}.AppStore|x86.Build.0 = Release|Any CPU
		{D7057DBA-6598-4AF9-B2F7-93E909378B52}.Debug|Any CPU.ActiveCfg = Debug|Any CPU
		{D7057DBA-6598-4AF9-B2F7-93E909378B52}.Debug|Any CPU.Build.0 = Debug|Any CPU
		{D7057DBA-6598-4AF9-B2F7-93E909378B52}.Debug|ARM.ActiveCfg = Debug|Any CPU
		{D7057DBA-6598-4AF9-B2F7-93E909378B52}.Debug|ARM.Build.0 = Debug|Any CPU
		{D7057DBA-6598-4AF9-B2F7-93E909378B52}.Debug|iPhone.ActiveCfg = Debug|Any CPU
		{D7057DBA-6598-4AF9-B2F7-93E909378B52}.Debug|iPhone.Build.0 = Debug|Any CPU
		{D7057DBA-6598-4AF9-B2F7-93E909378B52}.Debug|iPhoneSimulator.ActiveCfg = Debug|Any CPU
		{D7057DBA-6598-4AF9-B2F7-93E909378B52}.Debug|iPhoneSimulator.Build.0 = Debug|Any CPU
		{D7057DBA-6598-4AF9-B2F7-93E909378B52}.Debug|x64.ActiveCfg = Debug|Any CPU
		{D7057DBA-6598-4AF9-B2F7-93E909378B52}.Debug|x64.Build.0 = Debug|Any CPU
		{D7057DBA-6598-4AF9-B2F7-93E909378B52}.Debug|x86.ActiveCfg = Debug|Any CPU
		{D7057DBA-6598-4AF9-B2F7-93E909378B52}.Debug|x86.Build.0 = Debug|Any CPU
		{D7057DBA-6598-4AF9-B2F7-93E909378B52}.Release|Any CPU.ActiveCfg = Release|Any CPU
		{D7057DBA-6598-4AF9-B2F7-93E909378B52}.Release|Any CPU.Build.0 = Release|Any CPU
		{D7057DBA-6598-4AF9-B2F7-93E909378B52}.Release|ARM.ActiveCfg = Release|Any CPU
		{D7057DBA-6598-4AF9-B2F7-93E909378B52}.Release|ARM.Build.0 = Release|Any CPU
		{D7057DBA-6598-4AF9-B2F7-93E909378B52}.Release|iPhone.ActiveCfg = Release|Any CPU
		{D7057DBA-6598-4AF9-B2F7-93E909378B52}.Release|iPhone.Build.0 = Release|Any CPU
		{D7057DBA-6598-4AF9-B2F7-93E909378B52}.Release|iPhoneSimulator.ActiveCfg = Release|Any CPU
		{D7057DBA-6598-4AF9-B2F7-93E909378B52}.Release|iPhoneSimulator.Build.0 = Release|Any CPU
		{D7057DBA-6598-4AF9-B2F7-93E909378B52}.Release|x64.ActiveCfg = Release|Any CPU
		{D7057DBA-6598-4AF9-B2F7-93E909378B52}.Release|x64.Build.0 = Release|Any CPU
		{D7057DBA-6598-4AF9-B2F7-93E909378B52}.Release|x86.ActiveCfg = Release|Any CPU
		{D7057DBA-6598-4AF9-B2F7-93E909378B52}.Release|x86.Build.0 = Release|Any CPU
		{7769C503-92DB-46F3-A73D-EC990EBD48FA}.Ad-Hoc|Any CPU.ActiveCfg = Release|x86
		{7769C503-92DB-46F3-A73D-EC990EBD48FA}.Ad-Hoc|Any CPU.Build.0 = Release|x86
		{7769C503-92DB-46F3-A73D-EC990EBD48FA}.Ad-Hoc|Any CPU.Deploy.0 = Release|x86
		{7769C503-92DB-46F3-A73D-EC990EBD48FA}.Ad-Hoc|ARM.ActiveCfg = Release|ARM
		{7769C503-92DB-46F3-A73D-EC990EBD48FA}.Ad-Hoc|ARM.Build.0 = Release|ARM
		{7769C503-92DB-46F3-A73D-EC990EBD48FA}.Ad-Hoc|ARM.Deploy.0 = Release|ARM
		{7769C503-92DB-46F3-A73D-EC990EBD48FA}.Ad-Hoc|iPhone.ActiveCfg = Release|x86
		{7769C503-92DB-46F3-A73D-EC990EBD48FA}.Ad-Hoc|iPhone.Build.0 = Release|x86
		{7769C503-92DB-46F3-A73D-EC990EBD48FA}.Ad-Hoc|iPhone.Deploy.0 = Release|x86
		{7769C503-92DB-46F3-A73D-EC990EBD48FA}.Ad-Hoc|iPhoneSimulator.ActiveCfg = Release|x86
		{7769C503-92DB-46F3-A73D-EC990EBD48FA}.Ad-Hoc|iPhoneSimulator.Build.0 = Release|x86
		{7769C503-92DB-46F3-A73D-EC990EBD48FA}.Ad-Hoc|iPhoneSimulator.Deploy.0 = Release|x86
		{7769C503-92DB-46F3-A73D-EC990EBD48FA}.Ad-Hoc|x64.ActiveCfg = Release|x64
		{7769C503-92DB-46F3-A73D-EC990EBD48FA}.Ad-Hoc|x64.Build.0 = Release|x64
		{7769C503-92DB-46F3-A73D-EC990EBD48FA}.Ad-Hoc|x64.Deploy.0 = Release|x64
		{7769C503-92DB-46F3-A73D-EC990EBD48FA}.Ad-Hoc|x86.ActiveCfg = Release|x86
		{7769C503-92DB-46F3-A73D-EC990EBD48FA}.Ad-Hoc|x86.Build.0 = Release|x86
		{7769C503-92DB-46F3-A73D-EC990EBD48FA}.Ad-Hoc|x86.Deploy.0 = Release|x86
		{7769C503-92DB-46F3-A73D-EC990EBD48FA}.AppStore|Any CPU.ActiveCfg = Release|x86
		{7769C503-92DB-46F3-A73D-EC990EBD48FA}.AppStore|Any CPU.Build.0 = Release|x86
		{7769C503-92DB-46F3-A73D-EC990EBD48FA}.AppStore|Any CPU.Deploy.0 = Release|x86
		{7769C503-92DB-46F3-A73D-EC990EBD48FA}.AppStore|ARM.ActiveCfg = Release|ARM
		{7769C503-92DB-46F3-A73D-EC990EBD48FA}.AppStore|ARM.Build.0 = Release|ARM
		{7769C503-92DB-46F3-A73D-EC990EBD48FA}.AppStore|ARM.Deploy.0 = Release|ARM
		{7769C503-92DB-46F3-A73D-EC990EBD48FA}.AppStore|iPhone.ActiveCfg = Release|x86
		{7769C503-92DB-46F3-A73D-EC990EBD48FA}.AppStore|iPhone.Build.0 = Release|x86
		{7769C503-92DB-46F3-A73D-EC990EBD48FA}.AppStore|iPhone.Deploy.0 = Release|x86
		{7769C503-92DB-46F3-A73D-EC990EBD48FA}.AppStore|iPhoneSimulator.ActiveCfg = Release|x86
		{7769C503-92DB-46F3-A73D-EC990EBD48FA}.AppStore|iPhoneSimulator.Build.0 = Release|x86
		{7769C503-92DB-46F3-A73D-EC990EBD48FA}.AppStore|iPhoneSimulator.Deploy.0 = Release|x86
		{7769C503-92DB-46F3-A73D-EC990EBD48FA}.AppStore|x64.ActiveCfg = Release|x64
		{7769C503-92DB-46F3-A73D-EC990EBD48FA}.AppStore|x64.Build.0 = Release|x64
		{7769C503-92DB-46F3-A73D-EC990EBD48FA}.AppStore|x64.Deploy.0 = Release|x64
		{7769C503-92DB-46F3-A73D-EC990EBD48FA}.AppStore|x86.ActiveCfg = Release|x86
		{7769C503-92DB-46F3-A73D-EC990EBD48FA}.AppStore|x86.Build.0 = Release|x86
		{7769C503-92DB-46F3-A73D-EC990EBD48FA}.AppStore|x86.Deploy.0 = Release|x86
		{7769C503-92DB-46F3-A73D-EC990EBD48FA}.Debug|Any CPU.ActiveCfg = Debug|x86
		{7769C503-92DB-46F3-A73D-EC990EBD48FA}.Debug|ARM.ActiveCfg = Debug|ARM
		{7769C503-92DB-46F3-A73D-EC990EBD48FA}.Debug|ARM.Build.0 = Debug|ARM
		{7769C503-92DB-46F3-A73D-EC990EBD48FA}.Debug|ARM.Deploy.0 = Debug|ARM
		{7769C503-92DB-46F3-A73D-EC990EBD48FA}.Debug|iPhone.ActiveCfg = Debug|x86
		{7769C503-92DB-46F3-A73D-EC990EBD48FA}.Debug|iPhoneSimulator.ActiveCfg = Debug|x86
		{7769C503-92DB-46F3-A73D-EC990EBD48FA}.Debug|x64.ActiveCfg = Debug|x64
		{7769C503-92DB-46F3-A73D-EC990EBD48FA}.Debug|x64.Build.0 = Debug|x64
		{7769C503-92DB-46F3-A73D-EC990EBD48FA}.Debug|x64.Deploy.0 = Debug|x64
		{7769C503-92DB-46F3-A73D-EC990EBD48FA}.Debug|x86.ActiveCfg = Debug|x86
		{7769C503-92DB-46F3-A73D-EC990EBD48FA}.Debug|x86.Build.0 = Debug|x86
		{7769C503-92DB-46F3-A73D-EC990EBD48FA}.Debug|x86.Deploy.0 = Debug|x86
		{7769C503-92DB-46F3-A73D-EC990EBD48FA}.Release|Any CPU.ActiveCfg = Release|x86
		{7769C503-92DB-46F3-A73D-EC990EBD48FA}.Release|ARM.ActiveCfg = Release|ARM
		{7769C503-92DB-46F3-A73D-EC990EBD48FA}.Release|ARM.Build.0 = Release|ARM
		{7769C503-92DB-46F3-A73D-EC990EBD48FA}.Release|ARM.Deploy.0 = Release|ARM
		{7769C503-92DB-46F3-A73D-EC990EBD48FA}.Release|iPhone.ActiveCfg = Release|x86
		{7769C503-92DB-46F3-A73D-EC990EBD48FA}.Release|iPhoneSimulator.ActiveCfg = Release|x86
		{7769C503-92DB-46F3-A73D-EC990EBD48FA}.Release|x64.ActiveCfg = Release|x64
		{7769C503-92DB-46F3-A73D-EC990EBD48FA}.Release|x64.Build.0 = Release|x64
		{7769C503-92DB-46F3-A73D-EC990EBD48FA}.Release|x64.Deploy.0 = Release|x64
		{7769C503-92DB-46F3-A73D-EC990EBD48FA}.Release|x86.ActiveCfg = Release|x86
		{7769C503-92DB-46F3-A73D-EC990EBD48FA}.Release|x86.Build.0 = Release|x86
		{7769C503-92DB-46F3-A73D-EC990EBD48FA}.Release|x86.Deploy.0 = Release|x86
		{E4C474F5-F176-438D-A54D-5B72A703E362}.Ad-Hoc|Any CPU.ActiveCfg = Ad-Hoc|iPhone
		{E4C474F5-F176-438D-A54D-5B72A703E362}.Ad-Hoc|ARM.ActiveCfg = Ad-Hoc|iPhone
		{E4C474F5-F176-438D-A54D-5B72A703E362}.Ad-Hoc|iPhone.ActiveCfg = Ad-Hoc|iPhone
		{E4C474F5-F176-438D-A54D-5B72A703E362}.Ad-Hoc|iPhone.Build.0 = Ad-Hoc|iPhone
		{E4C474F5-F176-438D-A54D-5B72A703E362}.Ad-Hoc|iPhoneSimulator.ActiveCfg = Ad-Hoc|iPhoneSimulator
		{E4C474F5-F176-438D-A54D-5B72A703E362}.Ad-Hoc|iPhoneSimulator.Build.0 = Ad-Hoc|iPhoneSimulator
		{E4C474F5-F176-438D-A54D-5B72A703E362}.Ad-Hoc|x64.ActiveCfg = Ad-Hoc|iPhone
		{E4C474F5-F176-438D-A54D-5B72A703E362}.Ad-Hoc|x86.ActiveCfg = Ad-Hoc|iPhone
		{E4C474F5-F176-438D-A54D-5B72A703E362}.AppStore|Any CPU.ActiveCfg = AppStore|iPhone
		{E4C474F5-F176-438D-A54D-5B72A703E362}.AppStore|ARM.ActiveCfg = AppStore|iPhone
		{E4C474F5-F176-438D-A54D-5B72A703E362}.AppStore|iPhone.ActiveCfg = AppStore|iPhone
		{E4C474F5-F176-438D-A54D-5B72A703E362}.AppStore|iPhone.Build.0 = AppStore|iPhone
		{E4C474F5-F176-438D-A54D-5B72A703E362}.AppStore|iPhoneSimulator.ActiveCfg = AppStore|iPhoneSimulator
		{E4C474F5-F176-438D-A54D-5B72A703E362}.AppStore|iPhoneSimulator.Build.0 = AppStore|iPhoneSimulator
		{E4C474F5-F176-438D-A54D-5B72A703E362}.AppStore|x64.ActiveCfg = AppStore|iPhone
		{E4C474F5-F176-438D-A54D-5B72A703E362}.AppStore|x86.ActiveCfg = AppStore|iPhone
		{E4C474F5-F176-438D-A54D-5B72A703E362}.Debug|Any CPU.ActiveCfg = Debug|iPhone
		{E4C474F5-F176-438D-A54D-5B72A703E362}.Debug|ARM.ActiveCfg = Debug|iPhone
		{E4C474F5-F176-438D-A54D-5B72A703E362}.Debug|iPhone.ActiveCfg = Debug|iPhone
		{E4C474F5-F176-438D-A54D-5B72A703E362}.Debug|iPhone.Build.0 = Debug|iPhone
		{E4C474F5-F176-438D-A54D-5B72A703E362}.Debug|iPhoneSimulator.ActiveCfg = Debug|iPhoneSimulator
		{E4C474F5-F176-438D-A54D-5B72A703E362}.Debug|iPhoneSimulator.Build.0 = Debug|iPhoneSimulator
		{E4C474F5-F176-438D-A54D-5B72A703E362}.Debug|x64.ActiveCfg = Debug|iPhone
		{E4C474F5-F176-438D-A54D-5B72A703E362}.Debug|x86.ActiveCfg = Debug|iPhone
		{E4C474F5-F176-438D-A54D-5B72A703E362}.Release|Any CPU.ActiveCfg = Release|iPhone
		{E4C474F5-F176-438D-A54D-5B72A703E362}.Release|ARM.ActiveCfg = Release|iPhone
		{E4C474F5-F176-438D-A54D-5B72A703E362}.Release|iPhone.ActiveCfg = Release|iPhone
		{E4C474F5-F176-438D-A54D-5B72A703E362}.Release|iPhone.Build.0 = Release|iPhone
		{E4C474F5-F176-438D-A54D-5B72A703E362}.Release|iPhoneSimulator.ActiveCfg = Release|iPhoneSimulator
		{E4C474F5-F176-438D-A54D-5B72A703E362}.Release|iPhoneSimulator.Build.0 = Release|iPhoneSimulator
		{E4C474F5-F176-438D-A54D-5B72A703E362}.Release|x64.ActiveCfg = Release|iPhone
		{E4C474F5-F176-438D-A54D-5B72A703E362}.Release|x86.ActiveCfg = Release|iPhone
	EndGlobalSection
	GlobalSection(SolutionProperties) = preSolution
		HideSolutionNode = FALSE
	EndGlobalSection
EndGlobal
